
Microsoft Visual Studio Solution File, Format Version 12.00
# Visual Studio 14
VisualStudioVersion = 14.0.25420.1
MinimumVisualStudioVersion = 10.0.40219.1
Project("{FAE04EC0-301F-11D3-BF4B-00C04F79EFBC}") = "WCFCORS", "WCFCORS\WCFCORS.csproj", "{85308839-DBDF-435B-92B4-CF53EFE7B330}"
EndProject
Project("{FAE04EC0-301F-11D3-BF4B-00C04F79EFBC}") = "WCFAjaxClient", "WCFAjaxClient\WCFAjaxClient.csproj", "{FF9F6C76-DE08-4CE7-8E45-7565C39E65B3}"
EndProject
Project("{FAE04EC0-301F-11D3-BF4B-00C04F79EFBC}") = "WebAPICORS", "WebAPICORS\WebAPICORS.csproj", "{05CFF8E1-B585-4754-B58B-0D1561412D84}"
EndProject
Project("{FAE04EC0-301F-11D3-BF4B-00C04F79EFBC}") = "WCFConApp", "WCFConApp\WCFConApp.csproj", "{FDFCDB99-BED7-4CD0-ADAD-84BAB5FA4FE8}"
EndProject
Project("{2150E333-8FDC-42A3-9474-1A3956D46DE8}") = "Solution Items", "Solution Items", "{A82FAF0C-50CE-4297-8232-BD30A2D5D5CF}"
	ProjectSection(SolutionItems) = preProject
		C:\Users\v-tazho\Desktop\Description of CORS.pptx = C:\Users\v-tazho\Desktop\Description of CORS.pptx
	EndProjectSection
EndProject
Global
	GlobalSection(SolutionConfigurationPlatforms) = preSolution
		Debug|Any CPU = Debug|Any CPU
		Release|Any CPU = Release|Any CPU
	EndGlobalSection
	GlobalSection(ProjectConfigurationPlatforms) = postSolution
		{85308839-DBDF-435B-92B4-CF53EFE7B330}.Debug|Any CPU.ActiveCfg = Debug|Any CPU
		{85308839-DBDF-435B-92B4-CF53EFE7B330}.Debug|Any CPU.Build.0 = Debug|Any CPU
		{85308839-DBDF-435B-92B4-CF53EFE7B330}.Release|Any CPU.ActiveCfg = Release|Any CPU
		{85308839-DBDF-435B-92B4-CF53EFE7B330}.Release|Any CPU.Build.0 = Release|Any CPU
		{FF9F6C76-DE08-4CE7-8E45-7565C39E65B3}.Debug|Any CPU.ActiveCfg = Debug|Any CPU
		{FF9F6C76-DE08-4CE7-8E45-7565C39E65B3}.Debug|Any CPU.Build.0 = Debug|Any CPU
		{FF9F6C76-DE08-4CE7-8E45-7565C39E65B3}.Release|Any CPU.ActiveCfg = Release|Any CPU
		{FF9F6C76-DE08-4CE7-8E45-7565C39E65B3}.Release|Any CPU.Build.0 = Release|Any CPU
		{05CFF8E1-B585-4754-B58B-0D1561412D84}.Debug|Any CPU.ActiveCfg = Debug|Any CPU
		{05CFF8E1-B585-4754-B58B-0D1561412D84}.Debug|Any CPU.Build.0 = Debug|Any CPU
		{05CFF8E1-B585-4754-B58B-0D1561412D84}.Release|Any CPU.ActiveCfg = Release|Any CPU
		{05CFF8E1-B585-4754-B58B-0D1561412D84}.Release|Any CPU.Build.0 = Release|Any CPU
		{FDFCDB99-BED7-4CD0-ADAD-84BAB5FA4FE8}.Debug|Any CPU.ActiveCfg = Debug|Any CPU
		{FDFCDB99-BED7-4CD0-ADAD-84BAB5FA4FE8}.Debug|Any CPU.Build.0 = Debug|Any CPU
		{FDFCDB99-BED7-4CD0-ADAD-84BAB5FA4FE8}.Release|Any CPU.ActiveCfg = Release|Any CPU
		{FDFCDB99-BED7-4CD0-ADAD-84BAB5FA4FE8}.Release|Any CPU.Build.0 = Release|Any CPU
	EndGlobalSection
	GlobalSection(SolutionProperties) = preSolution
		HideSolutionNode = FALSE
	EndGlobalSection
EndGlobal
